// !$*UTF8*$!
{
	archiveVersion = 1;
	classes = {
	};
	objectVersion = 48;
	objects = {

/* Begin PBXBuildFile section */
		3055C3C62026C9E1003A44BD /* businfo.csv in Resources */ = {isa = PBXBuildFile; fileRef = 3055C3C52026C9E1003A44BD /* businfo.csv */; };
		30A8AF3820253A7600888FE6 /* AppDelegate.swift in Sources */ = {isa = PBXBuildFile; fileRef = 30A8AF3720253A7600888FE6 /* AppDelegate.swift */; };
		30A8AF3A20253A7600888FE6 /* TableViewController.swift in Sources */ = {isa = PBXBuildFile; fileRef = 30A8AF3920253A7600888FE6 /* TableViewController.swift */; };
		30A8AF3D20253A7600888FE6 /* Main.storyboard in Resources */ = {isa = PBXBuildFile; fileRef = 30A8AF3B20253A7600888FE6 /* Main.storyboard */; };
		30A8AF3F20253A7600888FE6 /* Assets.xcassets in Resources */ = {isa = PBXBuildFile; fileRef = 30A8AF3E20253A7600888FE6 /* Assets.xcassets */; };
		30A8AF4220253A7600888FE6 /* LaunchScreen.storyboard in Resources */ = {isa = PBXBuildFile; fileRef = 30A8AF4020253A7600888FE6 /* LaunchScreen.storyboard */; };
		30A8AF4B20253D8000888FE6 /* model.swift in Sources */ = {isa = PBXBuildFile; fileRef = 30A8AF4A20253D8000888FE6 /* model.swift */; };
		30A8AF4F2025B38600888FE6 /* busInfoBank.swift in Sources */ = {isa = PBXBuildFile; fileRef = 30A8AF4E2025B38600888FE6 /* busInfoBank.swift */; };
		30A8AF522025B96300888FE6 /* BusInfoTableViewCell.swift in Sources */ = {isa = PBXBuildFile; fileRef = 30A8AF502025B96300888FE6 /* BusInfoTableViewCell.swift */; };
		30A8AF532025B96300888FE6 /* BusInfoTableViewCell.xib in Resources */ = {isa = PBXBuildFile; fileRef = 30A8AF512025B96300888FE6 /* BusInfoTableViewCell.xib */; };
		A6C0A3D6A9E98F09C8B89A09 /* Pods_MyBusTime.framework in Frameworks */ = {isa = PBXBuildFile; fileRef = 59332357731D1AEA211C16FF /* Pods_MyBusTime.framework */; };
/* End PBXBuildFile section */

/* Begin PBXFileReference section */
		274C0637BA4672C54DFB00A8 /* Pods-MyBusTime.debug.xcconfig */ = {isa = PBXFileReference; includeInIndex = 1; lastKnownFileType = text.xcconfig; name = "Pods-MyBusTime.debug.xcconfig"; path = "Pods/Target Support Files/Pods-MyBusTime/Pods-MyBusTime.debug.xcconfig"; sourceTree = "<group>"; };
		3055C3C52026C9E1003A44BD /* businfo.csv */ = {isa = PBXFileReference; fileEncoding = 4; lastKnownFileType = text; name = businfo.csv; path = ../../../../Downloads/businfo.csv; sourceTree = "<group>"; };
		30A8AF3420253A7600888FE6 /* MyBusTime.app */ = {isa = PBXFileReference; explicitFileType = wrapper.application; includeInIndex = 0; path = MyBusTime.app; sourceTree = BUILT_PRODUCTS_DIR; };
		30A8AF3720253A7600888FE6 /* AppDelegate.swift */ = {isa = PBXFileReference; lastKnownFileType = sourcecode.swift; path = AppDelegate.swift; sourceTree = "<group>"; };
		30A8AF3920253A7600888FE6 /* TableViewController.swift */ = {isa = PBXFileReference; lastKnownFileType = sourcecode.swift; path = TableViewController.swift; sourceTree = "<group>"; };
		30A8AF3C20253A7600888FE6 /* Base */ = {isa = PBXFileReference; lastKnownFileType = file.storyboard; name = Base; path = Base.lproj/Main.storyboard; sourceTree = "<group>"; };
		30A8AF3E20253A7600888FE6 /* Assets.xcassets */ = {isa = PBXFileReference; lastKnownFileType = folder.assetcatalog; path = Assets.xcassets; sourceTree = "<group>"; };
		30A8AF4120253A7600888FE6 /* Base */ = {isa = PBXFileReference; lastKnownFileType = file.storyboard; name = Base; path = Base.lproj/LaunchScreen.storyboard; sourceTree = "<group>"; };
		30A8AF4320253A7600888FE6 /* Info.plist */ = {isa = PBXFileReference; lastKnownFileType = text.plist.xml; path = Info.plist; sourceTree = "<group>"; };
		30A8AF4A20253D8000888FE6 /* model.swift */ = {isa = PBXFileReference; lastKnownFileType = sourcecode.swift; path = model.swift; sourceTree = "<group>"; };
		30A8AF4E2025B38600888FE6 /* busInfoBank.swift */ = {isa = PBXFileReference; lastKnownFileType = sourcecode.swift; path = busInfoBank.swift; sourceTree = "<group>"; };
		30A8AF502025B96300888FE6 /* BusInfoTableViewCell.swift */ = {isa = PBXFileReference; lastKnownFileType = sourcecode.swift; path = BusInfoTableViewCell.swift; sourceTree = "<group>"; };
		30A8AF512025B96300888FE6 /* BusInfoTableViewCell.xib */ = {isa = PBXFileReference; lastKnownFileType = file.xib; path = BusInfoTableViewCell.xib; sourceTree = "<group>"; };
		59332357731D1AEA211C16FF /* Pods_MyBusTime.framework */ = {isa = PBXFileReference; explicitFileType = wrapper.framework; includeInIndex = 0; path = Pods_MyBusTime.framework; sourceTree = BUILT_PRODUCTS_DIR; };
		8F67337FF6EB3C38B7707288 /* Pods-MyBusTime.release.xcconfig */ = {isa = PBXFileReference; includeInIndex = 1; lastKnownFileType = text.xcconfig; name = "Pods-MyBusTime.release.xcconfig"; path = "Pods/Target Support Files/Pods-MyBusTime/Pods-MyBusTime.release.xcconfig"; sourceTree = "<group>"; };
/* End PBXFileReference section */

/* Begin PBXFrameworksBuildPhase section */
		30A8AF3120253A7600888FE6 /* Frameworks */ = {
			isa = PBXFrameworksBuildPhase;
			buildActionMask = 2147483647;
			files = (
				A6C0A3D6A9E98F09C8B89A09 /* Pods_MyBusTime.framework in Frameworks */,
			);
			runOnlyForDeploymentPostprocessing = 0;
		};
/* End PBXFrameworksBuildPhase section */

/* Begin PBXGroup section */
		04A0507B90CD21A3179B006B /* Frameworks */ = {
			isa = PBXGroup;
			children = (
				59332357731D1AEA211C16FF /* Pods_MyBusTime.framework */,
			);
			name = Frameworks;
			sourceTree = "<group>";
		};
		306661DF2026EE8200B616D1 /* Supporting Files */ = {
			isa = PBXGroup;
			children = (
				30A8AF4020253A7600888FE6 /* LaunchScreen.storyboard */,
				30A8AF4320253A7600888FE6 /* Info.plist */,
			);
			path = "Supporting Files";
			sourceTree = "<group>";
		};
		30A8AF2B20253A7600888FE6 = {
			isa = PBXGroup;
			children = (
				30A8AF3620253A7600888FE6 /* MyBusTime */,
				30A8AF3520253A7600888FE6 /* Products */,
				D6D1A9E962D5F767CB12CCEA /* Pods */,
				04A0507B90CD21A3179B006B /* Frameworks */,
			);
			sourceTree = "<group>";
		};
		30A8AF3520253A7600888FE6 /* Products */ = {
			isa = PBXGroup;
			children = (
				30A8AF3420253A7600888FE6 /* MyBusTime.app */,
			);
			name = Products;
			sourceTree = "<group>";
		};
		30A8AF3620253A7600888FE6 /* MyBusTime */ = {
			isa = PBXGroup;
			children = (
				30A8AF4C20253D8C00888FE6 /* controller */,
				30A8AF4920253B2B00888FE6 /* model */,
				30A8AF4D20253D9E00888FE6 /* view */,
				3055C3C52026C9E1003A44BD /* businfo.csv */,
				306661DF2026EE8200B616D1 /* Supporting Files */,
			);
			path = MyBusTime;
			sourceTree = "<group>";
		};
		30A8AF4920253B2B00888FE6 /* model */ = {
			isa = PBXGroup;
			children = (
				30A8AF4A20253D8000888FE6 /* model.swift */,
				30A8AF4E2025B38600888FE6 /* busInfoBank.swift */,
			);
			path = model;
			sourceTree = "<group>";
		};
		30A8AF4C20253D8C00888FE6 /* controller */ = {
			isa = PBXGroup;
			children = (
				30A8AF3720253A7600888FE6 /* AppDelegate.swift */,
				30A8AF3920253A7600888FE6 /* TableViewController.swift */,
			);
			path = controller;
			sourceTree = "<group>";
		};
		30A8AF4D20253D9E00888FE6 /* view */ = {
			isa = PBXGroup;
			children = (
				30A8AF3B20253A7600888FE6 /* Main.storyboard */,
				30A8AF502025B96300888FE6 /* BusInfoTableViewCell.swift */,
				30A8AF512025B96300888FE6 /* BusInfoTableViewCell.xib */,
				30A8AF3E20253A7600888FE6 /* Assets.xcassets */,
			);
			path = view;
			sourceTree = "<group>";
		};
		D6D1A9E962D5F767CB12CCEA /* Pods */ = {
			isa = PBXGroup;
			children = (
				274C0637BA4672C54DFB00A8 /* Pods-MyBusTime.debug.xcconfig */,
				8F67337FF6EB3C38B7707288 /* Pods-MyBusTime.release.xcconfig */,
			);
			name = Pods;
			sourceTree = "<group>";
		};
/* End PBXGroup section */

/* Begin PBXNativeTarget section */
		30A8AF3320253A7600888FE6 /* MyBusTime */ = {
			isa = PBXNativeTarget;
			buildConfigurationList = 30A8AF4620253A7600888FE6 /* Build configuration list for PBXNativeTarget "MyBusTime" */;
			buildPhases = (
				56ED9E0F5EFAD56B89030359 /* [CP] Check Pods Manifest.lock */,
				30A8AF3020253A7600888FE6 /* Sources */,
				30A8AF3120253A7600888FE6 /* Frameworks */,
				30A8AF3220253A7600888FE6 /* Resources */,
				28BF8148BE45FFB9EC029F5A /* [CP] Embed Pods Frameworks */,
				E4FD8CC50E74E05D5E73B4B8 /* [CP] Copy Pods Resources */,
			);
			buildRules = (
			);
			dependencies = (
			);
			name = MyBusTime;
			productName = MyBusTime;
			productReference = 30A8AF3420253A7600888FE6 /* MyBusTime.app */;
			productType = "com.apple.product-type.application";
		};
/* End PBXNativeTarget section */

/* Begin PBXProject section */
		30A8AF2C20253A7600888FE6 /* Project object */ = {
			isa = PBXProject;
			attributes = {
				LastSwiftUpdateCheck = 0920;
				LastUpgradeCheck = 0920;
				ORGANIZATIONNAME = "mio kato";
				TargetAttributes = {
					30A8AF3320253A7600888FE6 = {
						CreatedOnToolsVersion = 9.2;
						ProvisioningStyle = Automatic;
					};
				};
			};
			buildConfigurationList = 30A8AF2F20253A7600888FE6 /* Build configuration list for PBXProject "MyBusTime" */;
			compatibilityVersion = "Xcode 8.0";
			developmentRegion = en;
			hasScannedForEncodings = 0;
			knownRegions = (
				en,
				Base,
			);
			mainGroup = 30A8AF2B20253A7600888FE6;
			productRefGroup = 30A8AF3520253A7600888FE6 /* Products */;
			projectDirPath = "";
			projectRoot = "";
			targets = (
				30A8AF3320253A7600888FE6 /* MyBusTime */,
			);
		};
/* End PBXProject section */

/* Begin PBXResourcesBuildPhase section */
		30A8AF3220253A7600888FE6 /* Resources */ = {
			isa = PBXResourcesBuildPhase;
			buildActionMask = 2147483647;
			files = (
				30A8AF4220253A7600888FE6 /* LaunchScreen.storyboard in Resources */,
				30A8AF3F20253A7600888FE6 /* Assets.xcassets in Resources */,
				3055C3C62026C9E1003A44BD /* businfo.csv in Resources */,
				30A8AF532025B96300888FE6 /* BusInfoTableViewCell.xib in Resources */,
				30A8AF3D20253A7600888FE6 /* Main.storyboard in Resources */,
			);
			runOnlyForDeploymentPostprocessing = 0;
		};
/* End PBXResourcesBuildPhase section */

/* Begin PBXShellScriptBuildPhase section */
		28BF8148BE45FFB9EC029F5A /* [CP] Embed Pods Frameworks */ = {
			isa = PBXShellScriptBuildPhase;
			buildActionMask = 2147483647;
			files = (
			);
			inputPaths = (
				"${SRCROOT}/Pods/Target Support Files/Pods-MyBusTime/Pods-MyBusTime-frameworks.sh",
				"${BUILT_PRODUCTS_DIR}/CSV.swift/CSV.framework",
				"${BUILT_PRODUCTS_DIR}/ChameleonFramework/ChameleonFramework.framework",
				"${BUILT_PRODUCTS_DIR}/R.swift.Library/Rswift.framework",
				"${BUILT_PRODUCTS_DIR}/Realm/Realm.framework",
				"${BUILT_PRODUCTS_DIR}/RealmSwift/RealmSwift.framework",
			);
			name = "[CP] Embed Pods Frameworks";
			outputPaths = (
				"${TARGET_BUILD_DIR}/${FRAMEWORKS_FOLDER_PATH}/CSV.framework",
				"${TARGET_BUILD_DIR}/${FRAMEWORKS_FOLDER_PATH}/ChameleonFramework.framework",
				"${TARGET_BUILD_DIR}/${FRAMEWORKS_FOLDER_PATH}/Rswift.framework",
				"${TARGET_BUILD_DIR}/${FRAMEWORKS_FOLDER_PATH}/Realm.framework",
				"${TARGET_BUILD_DIR}/${FRAMEWORKS_FOLDER_PATH}/RealmSwift.framework",
			);
			runOnlyForDeploymentPostprocessing = 0;
			shellPath = /bin/sh;
			shellScript = "\"${SRCROOT}/Pods/Target Support Files/Pods-MyBusTime/Pods-MyBusTime-frameworks.sh\"\n";
			showEnvVarsInLog = 0;
		};
		56ED9E0F5EFAD56B89030359 /* [CP] Check Pods Manifest.lock */ = {
			isa = PBXShellScriptBuildPhase;
			buildActionMask = 2147483647;
			files = (
			);
			inputPaths = (
				"${PODS_PODFILE_DIR_PATH}/Podfile.lock",
				"${PODS_ROOT}/Manifest.lock",
			);
			name = "[CP] Check Pods Manifest.lock";
			outputPaths = (
				"$(DERIVED_FILE_DIR)/Pods-MyBusTime-checkManifestLockResult.txt",
			);
			runOnlyForDeploymentPostprocessing = 0;
			shellPath = /bin/sh;
			shellScript = "diff \"${PODS_PODFILE_DIR_PATH}/Podfile.lock\" \"${PODS_ROOT}/Manifest.lock\" > /dev/null\nif [ $? != 0 ] ; then\n    # print error to STDERR\n    echo \"error: The sandbox is not in sync with the Podfile.lock. Run 'pod install' or update your CocoaPods installation.\" >&2\n    exit 1\nfi\n# This output is used by Xcode 'outputs' to avoid re-running this script phase.\necho \"SUCCESS\" > \"${SCRIPT_OUTPUT_FILE_0}\"\n";
			showEnvVarsInLog = 0;
		};
		E4FD8CC50E74E05D5E73B4B8 /* [CP] Copy Pods Resources */ = {
			isa = PBXShellScriptBuildPhase;
			buildActionMask = 2147483647;
			files = (
			);
			inputPaths = (
			);
			name = "[CP] Copy Pods Resources";
			outputPaths = (
			);
			runOnlyForDeploymentPostprocessing = 0;
			shellPath = /bin/sh;
			shellScript = "\"${SRCROOT}/Pods/Target Support Files/Pods-MyBusTime/Pods-MyBusTime-resources.sh\"\n";
			showEnvVarsInLog = 0;
		};
/* End PBXShellScriptBuildPhase section */

/* Begin PBXSourcesBuildPhase section */
		30A8AF3020253A7600888FE6 /* Sources */ = {
			isa = PBXSourcesBuildPhase;
			buildActionMask = 2147483647;
			files = (
				30A8AF522025B96300888FE6 /* BusInfoTableViewCell.swift in Sources */,
				30A8AF3A20253A7600888FE6 /* TableViewController.swift in Sources */,
				30A8AF4B20253D8000888FE6 /* model.swift in Sources */,
				30A8AF4F2025B38600888FE6 /* busInfoBank.swift in Sources */,
				30A8AF3820253A7600888FE6 /* AppDelegate.swift in Sources */,
			);
			runOnlyForDeploymentPostprocessing = 0;
		};
/* End PBXSourcesBuildPhase section */

/* Begin PBXVariantGroup section */
		30A8AF3B20253A7600888FE6 /* Main.storyboard */ = {
			isa = PBXVariantGroup;
			children = (
				30A8AF3C20253A7600888FE6 /* Base */,
			);
			name = Main.storyboard;
			sourceTree = "<group>";
		};
		30A8AF4020253A7600888FE6 /* LaunchScreen.storyboard */ = {
			isa = PBXVariantGroup;
			children = (
				30A8AF4120253A7600888FE6 /* Base */,
			);
			name = LaunchScreen.storyboard;
			sourceTree = "<group>";
		};
/* End PBXVariantGroup section */

/* Begin XCBuildConfiguration section */
		30A8AF4420253A7600888FE6 /* Debug */ = {
			isa = XCBuildConfiguration;
			buildSettings = {
				ALWAYS_SEARCH_USER_PATHS = NO;
				CLANG_ANALYZER_NONNULL = YES;
				CLANG_ANALYZER_NUMBER_OBJECT_CONVERSION = YES_AGGRESSIVE;
				CLANG_CXX_LANGUAGE_STANDARD = "gnu++14";
				CLANG_CXX_LIBRARY = "libc++";
				CLANG_ENABLE_MODULES = YES;
				CLANG_ENABLE_OBJC_ARC = YES;
				CLANG_WARN_BLOCK_CAPTURE_AUTORELEASING = YES;
				CLANG_WARN_BOOL_CONVERSION = YES;
				CLANG_WARN_COMMA = YES;
				CLANG_WARN_CONSTANT_CONVERSION = YES;
				CLANG_WARN_DIRECT_OBJC_ISA_USAGE = YES_ERROR;
				CLANG_WARN_DOCUMENTATION_COMMENTS = YES;
				CLANG_WARN_EMPTY_BODY = YES;
				CLANG_WARN_ENUM_CONVERSION = YES;
				CLANG_WARN_INFINITE_RECURSION = YES;
				CLANG_WARN_INT_CONVERSION = YES;
				CLANG_WARN_NON_LITERAL_NULL_CONVERSION = YES;
				CLANG_WARN_OBJC_LITERAL_CONVERSION = YES;
				CLANG_WARN_OBJC_ROOT_CLASS = YES_ERROR;
				CLANG_WARN_RANGE_LOOP_ANALYSIS = YES;
				CLANG_WARN_STRICT_PROTOTYPES = YES;
				CLANG_WARN_SUSPICIOUS_MOVE = YES;
				CLANG_WARN_UNGUARDED_AVAILABILITY = YES_AGGRESSIVE;
				CLANG_WARN_UNREACHABLE_CODE = YES;
				CLANG_WARN__DUPLICATE_METHOD_MATCH = YES;
				CODE_SIGN_IDENTITY = "iPhone Developer";
				COPY_PHASE_STRIP = NO;
				DEBUG_INFORMATION_FORMAT = dwarf;
				ENABLE_STRICT_OBJC_MSGSEND = YES;
				ENABLE_TESTABILITY = YES;
				GCC_C_LANGUAGE_STANDARD = gnu11;
				GCC_DYNAMIC_NO_PIC = NO;
				GCC_NO_COMMON_BLOCKS = YES;
				GCC_OPTIMIZATION_LEVEL = 0;
				GCC_PREPROCESSOR_DEFINITIONS = (
					"DEBUG=1",
					"$(inherited)",
				);
				GCC_WARN_64_TO_32_BIT_CONVERSION = YES;
				GCC_WARN_ABOUT_RETURN_TYPE = YES_ERROR;
				GCC_WARN_UNDECLARED_SELECTOR = YES;
				GCC_WARN_UNINITIALIZED_AUTOS = YES_AGGRESSIVE;
				GCC_WARN_UNUSED_FUNCTION = YES;
				GCC_WARN_UNUSED_VARIABLE = YES;
				IPHONEOS_DEPLOYMENT_TARGET = 11.2;
				MTL_ENABLE_DEBUG_INFO = YES;
				ONLY_ACTIVE_ARCH = YES;
				SDKROOT = iphoneos;
				SWIFT_ACTIVE_COMPILATION_CONDITIONS = DEBUG;
				SWIFT_OPTIMIZATION_LEVEL = "-Onone";
			};
			name = Debug;
		};
		30A8AF4520253A7600888FE6 /* Release */ = {
			isa = XCBuildConfiguration;
			buildSettings = {
				ALWAYS_SEARCH_USER_PATHS = NO;
				CLANG_ANALYZER_NONNULL = YES;
				CLANG_ANALYZER_NUMBER_OBJECT_CONVERSION = YES_AGGRESSIVE;
				CLANG_CXX_LANGUAGE_STANDARD = "gnu++14";
				CLANG_CXX_LIBRARY = "libc++";
				CLANG_ENABLE_MODULES = YES;
				CLANG_ENABLE_OBJC_ARC = YES;
				CLANG_WARN_BLOCK_CAPTURE_AUTORELEASING = YES;
				CLANG_WARN_BOOL_CONVERSION = YES;
				CLANG_WARN_COMMA = YES;
				CLANG_WARN_CONSTANT_CONVERSION = YES;
				CLANG_WARN_DIRECT_OBJC_ISA_USAGE = YES_ERROR;
				CLANG_WARN_DOCUMENTATION_COMMENTS = YES;
				CLANG_WARN_EMPTY_BODY = YES;
				CLANG_WARN_ENUM_CONVERSION = YES;
				CLANG_WARN_INFINITE_RECURSION = YES;
				CLANG_WARN_INT_CONVERSION = YES;
				CLANG_WARN_NON_LITERAL_NULL_CONVERSION = YES;
				CLANG_WARN_OBJC_LITERAL_CONVERSION = YES;
				CLANG_WARN_OBJC_ROOT_CLASS = YES_ERROR;
				CLANG_WARN_RANGE_LOOP_ANALYSIS = YES;
				CLANG_WARN_STRICT_PROTOTYPES = YES;
				CLANG_WARN_SUSPICIOUS_MOVE = YES;
				CLANG_WARN_UNGUARDED_AVAILABILITY = YES_AGGRESSIVE;
				CLANG_WARN_UNREACHABLE_CODE = YES;
				CLANG_WARN__DUPLICATE_METHOD_MATCH = YES;
				CODE_SIGN_IDENTITY = "iPhone Developer";
				COPY_PHASE_STRIP = NO;
				DEBUG_INFORMATION_FORMAT = "dwarf-with-dsym";
				ENABLE_NS_ASSERTIONS = NO;
				ENABLE_STRICT_OBJC_MSGSEND = YES;
				GCC_C_LANGUAGE_STANDARD = gnu11;
				GCC_NO_COMMON_BLOCKS = YES;
				GCC_WARN_64_TO_32_BIT_CONVERSION = YES;
				GCC_WARN_ABOUT_RETURN_TYPE = YES_ERROR;
				GCC_WARN_UNDECLARED_SELECTOR = YES;
				GCC_WARN_UNINITIALIZED_AUTOS = YES_AGGRESSIVE;
				GCC_WARN_UNUSED_FUNCTION = YES;
				GCC_WARN_UNUSED_VARIABLE = YES;
				IPHONEOS_DEPLOYMENT_TARGET = 11.2;
				MTL_ENABLE_DEBUG_INFO = NO;
				SDKROOT = iphoneos;
				SWIFT_OPTIMIZATION_LEVEL = "-Owholemodule";
				VALIDATE_PRODUCT = YES;
			};
			name = Release;
		};
		30A8AF4720253A7600888FE6 /* Debug */ = {
			isa = XCBuildConfiguration;
			baseConfigurationReference = 274C0637BA4672C54DFB00A8 /* Pods-MyBusTime.debug.xcconfig */;
			buildSettings = {
				ASSETCATALOG_COMPILER_APPICON_NAME = AppIcon;
				CODE_SIGN_STYLE = Automatic;
				DEVELOPMENT_TEAM = 6G9A5395V2;
				INFOPLIST_FILE = MyBusTime/Info.plist;
				LD_RUNPATH_SEARCH_PATHS = "$(inherited) @executable_path/Frameworks";
				PRODUCT_BUNDLE_IDENTIFIER = org.miok.MyBusTime;
				PRODUCT_NAME = "$(TARGET_NAME)";
				SWIFT_VERSION = 4.0;
				TARGETED_DEVICE_FAMILY = 1;
			};
			name = Debug;
		};
		30A8AF4820253A7600888FE6 /* Release */ = {
			isa = XCBuildConfiguration;
			baseConfigurationReference = 8F67337FF6EB3C38B7707288 /* Pods-MyBusTime.release.xcconfig */;
			buildSettings = {
				ASSETCATALOG_COMPILER_APPICON_NAME = AppIcon;
				CODE_SIGN_STYLE = Automatic;
				DEVELOPMENT_TEAM = 6G9A5395V2;
				INFOPLIST_FILE = MyBusTime/Info.plist;
				LD_RUNPATH_SEARCH_PATHS = "$(inherited) @executable_path/Frameworks";
				PRODUCT_BUNDLE_IDENTIFIER = org.miok.MyBusTime;
				PRODUCT_NAME = "$(TARGET_NAME)";
				SWIFT_VERSION = 4.0;
				TARGETED_DEVICE_FAMILY = 1;
			};
			name = Release;
		};
/* End XCBuildConfiguration section */

/* Begin XCConfigurationList section */
		30A8AF2F20253A7600888FE6 /* Build configuration list for PBXProject "MyBusTime" */ = {
			isa = XCConfigurationList;
			buildConfigurations = (
				30A8AF4420253A7600888FE6 /* Debug */,
				30A8AF4520253A7600888FE6 /* Release */,
			);
			defaultConfigurationIsVisible = 0;
			defaultConfigurationName = Release;
		};
		30A8AF4620253A7600888FE6 /* Build configuration list for PBXNativeTarget "MyBusTime" */ = {
			isa = XCConfigurationList;
			buildConfigurations = (
				30A8AF4720253A7600888FE6 /* Debug */,
				30A8AF4820253A7600888FE6 /* Release */,
			);
			defaultConfigurationIsVisible = 0;
			defaultConfigurationName = Release;
		};
/* End XCConfigurationList section */
	};
	rootObject = 30A8AF2C20253A7600888FE6 /* Project object */;
}
